
Microsoft Visual Studio Solution File, Format Version 11.00
# Visual Studio 2010
Project("{FAE04EC0-301F-11D3-BF4B-00C04F79EFBC}") = "MyFirstRace", "MyFirstRace\MyFirstRace.csproj", "{1C6B0F41-84CD-47EB-8D30-2DD7A1F12FCB}"
EndProject
Project("{FAE04EC0-301F-11D3-BF4B-00C04F79EFBC}") = "SubProjForFirstRace", "SubProjForFirstRace\SubProjForFirstRace.csproj", "{D2E2E2EB-024B-4A5D-9147-766C455309A5}"
EndProject
Project("{FAE04EC0-301F-11D3-BF4B-00C04F79EFBC}") = "WindowsFormsApplication", "WindowsFormsApplication\WindowsFormsApplication.csproj", "{88C93490-6C90-4119-BEB2-BF13E2E96873}"
EndProject
Project("{FAE04EC0-301F-11D3-BF4B-00C04F79EFBC}") = "SwapingOfReferences", "SwapingOfReferences\SwapingOfReferences.csproj", "{32D8386F-38F7-4DAF-91FF-5E73ACCDFDB1}"
EndProject
Project("{FAE04EC0-301F-11D3-BF4B-00C04F79EFBC}") = "MenuMaker", "MenuMaker\MenuMaker.csproj", "{5DC5F6F6-55D7-468D-9031-6D79B26969F2}"
EndProject
Project("{FAE04EC0-301F-11D3-BF4B-00C04F79EFBC}") = "LeftOvers", "LeftOvers\LeftOvers.csproj", "{07A9F1E5-CECD-45C9-A78B-944B25F8A0F1}"
EndProject
Project("{2150E333-8FDC-42A3-9474-1A3956D46DE8}") = "Solution Items", "Solution Items", "{8550C674-3ABC-4D78-90B5-54C340027F05}"
EndProject
Project("{FAE04EC0-301F-11D3-BF4B-00C04F79EFBC}") = "WThha", "WThha\WThha.csproj", "{D9CED7B9-8E3E-4BFA-A705-4725BADA642E}"
EndProject
Global
	GlobalSection(SolutionConfigurationPlatforms) = preSolution
		Debug|Any CPU = Debug|Any CPU
		Debug|Mixed Platforms = Debug|Mixed Platforms
		Debug|x86 = Debug|x86
		Release|Any CPU = Release|Any CPU
		Release|Mixed Platforms = Release|Mixed Platforms
		Release|x86 = Release|x86
	EndGlobalSection
	GlobalSection(ProjectConfigurationPlatforms) = postSolution
		{1C6B0F41-84CD-47EB-8D30-2DD7A1F12FCB}.Debug|Any CPU.ActiveCfg = Debug|x86
		{1C6B0F41-84CD-47EB-8D30-2DD7A1F12FCB}.Debug|Mixed Platforms.ActiveCfg = Debug|x86
		{1C6B0F41-84CD-47EB-8D30-2DD7A1F12FCB}.Debug|Mixed Platforms.Build.0 = Debug|x86
		{1C6B0F41-84CD-47EB-8D30-2DD7A1F12FCB}.Debug|x86.ActiveCfg = Debug|x86
		{1C6B0F41-84CD-47EB-8D30-2DD7A1F12FCB}.Debug|x86.Build.0 = Debug|x86
		{1C6B0F41-84CD-47EB-8D30-2DD7A1F12FCB}.Release|Any CPU.ActiveCfg = Release|x86
		{1C6B0F41-84CD-47EB-8D30-2DD7A1F12FCB}.Release|Mixed Platforms.ActiveCfg = Release|x86
		{1C6B0F41-84CD-47EB-8D30-2DD7A1F12FCB}.Release|Mixed Platforms.Build.0 = Release|x86
		{1C6B0F41-84CD-47EB-8D30-2DD7A1F12FCB}.Release|x86.ActiveCfg = Release|x86
		{1C6B0F41-84CD-47EB-8D30-2DD7A1F12FCB}.Release|x86.Build.0 = Release|x86
		{D2E2E2EB-024B-4A5D-9147-766C455309A5}.Debug|Any CPU.ActiveCfg = Debug|x86
		{D2E2E2EB-024B-4A5D-9147-766C455309A5}.Debug|Mixed Platforms.ActiveCfg = Debug|x86
		{D2E2E2EB-024B-4A5D-9147-766C455309A5}.Debug|Mixed Platforms.Build.0 = Debug|x86
		{D2E2E2EB-024B-4A5D-9147-766C455309A5}.Debug|x86.ActiveCfg = Debug|x86
		{D2E2E2EB-024B-4A5D-9147-766C455309A5}.Debug|x86.Build.0 = Debug|x86
		{D2E2E2EB-024B-4A5D-9147-766C455309A5}.Release|Any CPU.ActiveCfg = Release|x86
		{D2E2E2EB-024B-4A5D-9147-766C455309A5}.Release|Mixed Platforms.ActiveCfg = Release|x86
		{D2E2E2EB-024B-4A5D-9147-766C455309A5}.Release|Mixed Platforms.Build.0 = Release|x86
		{D2E2E2EB-024B-4A5D-9147-766C455309A5}.Release|x86.ActiveCfg = Release|x86
		{D2E2E2EB-024B-4A5D-9147-766C455309A5}.Release|x86.Build.0 = Release|x86
		{88C93490-6C90-4119-BEB2-BF13E2E96873}.Debug|Any CPU.ActiveCfg = Debug|x86
		{88C93490-6C90-4119-BEB2-BF13E2E96873}.Debug|Mixed Platforms.ActiveCfg = Debug|x86
		{88C93490-6C90-4119-BEB2-BF13E2E96873}.Debug|Mixed Platforms.Build.0 = Debug|x86
		{88C93490-6C90-4119-BEB2-BF13E2E96873}.Debug|x86.ActiveCfg = Debug|x86
		{88C93490-6C90-4119-BEB2-BF13E2E96873}.Debug|x86.Build.0 = Debug|x86
		{88C93490-6C90-4119-BEB2-BF13E2E96873}.Release|Any CPU.ActiveCfg = Release|x86
		{88C93490-6C90-4119-BEB2-BF13E2E96873}.Release|Mixed Platforms.ActiveCfg = Release|x86
		{88C93490-6C90-4119-BEB2-BF13E2E96873}.Release|Mixed Platforms.Build.0 = Release|x86
		{88C93490-6C90-4119-BEB2-BF13E2E96873}.Release|x86.ActiveCfg = Release|x86
		{88C93490-6C90-4119-BEB2-BF13E2E96873}.Release|x86.Build.0 = Release|x86
		{32D8386F-38F7-4DAF-91FF-5E73ACCDFDB1}.Debug|Any CPU.ActiveCfg = Debug|x86
		{32D8386F-38F7-4DAF-91FF-5E73ACCDFDB1}.Debug|Mixed Platforms.ActiveCfg = Debug|x86
		{32D8386F-38F7-4DAF-91FF-5E73ACCDFDB1}.Debug|Mixed Platforms.Build.0 = Debug|x86
		{32D8386F-38F7-4DAF-91FF-5E73ACCDFDB1}.Debug|x86.ActiveCfg = Debug|x86
		{32D8386F-38F7-4DAF-91FF-5E73ACCDFDB1}.Debug|x86.Build.0 = Debug|x86
		{32D8386F-38F7-4DAF-91FF-5E73ACCDFDB1}.Release|Any CPU.ActiveCfg = Release|x86
		{32D8386F-38F7-4DAF-91FF-5E73ACCDFDB1}.Release|Mixed Platforms.ActiveCfg = Release|x86
		{32D8386F-38F7-4DAF-91FF-5E73ACCDFDB1}.Release|Mixed Platforms.Build.0 = Release|x86
		{32D8386F-38F7-4DAF-91FF-5E73ACCDFDB1}.Release|x86.ActiveCfg = Release|x86
		{32D8386F-38F7-4DAF-91FF-5E73ACCDFDB1}.Release|x86.Build.0 = Release|x86
		{5DC5F6F6-55D7-468D-9031-6D79B26969F2}.Debug|Any CPU.ActiveCfg = Debug|x86
		{5DC5F6F6-55D7-468D-9031-6D79B26969F2}.Debug|Mixed Platforms.ActiveCfg = Debug|x86
		{5DC5F6F6-55D7-468D-9031-6D79B26969F2}.Debug|Mixed Platforms.Build.0 = Debug|x86
		{5DC5F6F6-55D7-468D-9031-6D79B26969F2}.Debug|x86.ActiveCfg = Debug|x86
		{5DC5F6F6-55D7-468D-9031-6D79B26969F2}.Debug|x86.Build.0 = Debug|x86
		{5DC5F6F6-55D7-468D-9031-6D79B26969F2}.Release|Any CPU.ActiveCfg = Release|x86
		{5DC5F6F6-55D7-468D-9031-6D79B26969F2}.Release|Mixed Platforms.ActiveCfg = Release|x86
		{5DC5F6F6-55D7-468D-9031-6D79B26969F2}.Release|Mixed Platforms.Build.0 = Release|x86
		{5DC5F6F6-55D7-468D-9031-6D79B26969F2}.Release|x86.ActiveCfg = Release|x86
		{5DC5F6F6-55D7-468D-9031-6D79B26969F2}.Release|x86.Build.0 = Release|x86
		{07A9F1E5-CECD-45C9-A78B-944B25F8A0F1}.Debug|Any CPU.ActiveCfg = Debug|Any CPU
		{07A9F1E5-CECD-45C9-A78B-944B25F8A0F1}.Debug|Any CPU.Build.0 = Debug|Any CPU
		{07A9F1E5-CECD-45C9-A78B-944B25F8A0F1}.Debug|Mixed Platforms.ActiveCfg = Debug|Any CPU
		{07A9F1E5-CECD-45C9-A78B-944B25F8A0F1}.Debug|Mixed Platforms.Build.0 = Debug|Any CPU
		{07A9F1E5-CECD-45C9-A78B-944B25F8A0F1}.Debug|x86.ActiveCfg = Debug|Any CPU
		{07A9F1E5-CECD-45C9-A78B-944B25F8A0F1}.Release|Any CPU.ActiveCfg = Release|Any CPU
		{07A9F1E5-CECD-45C9-A78B-944B25F8A0F1}.Release|Any CPU.Build.0 = Release|Any CPU
		{07A9F1E5-CECD-45C9-A78B-944B25F8A0F1}.Release|Mixed Platforms.ActiveCfg = Release|Any CPU
		{07A9F1E5-CECD-45C9-A78B-944B25F8A0F1}.Release|Mixed Platforms.Build.0 = Release|Any CPU
		{07A9F1E5-CECD-45C9-A78B-944B25F8A0F1}.Release|x86.ActiveCfg = Release|Any CPU
		{D9CED7B9-8E3E-4BFA-A705-4725BADA642E}.Debug|Any CPU.ActiveCfg = Debug|x86
		{D9CED7B9-8E3E-4BFA-A705-4725BADA642E}.Debug|Mixed Platforms.ActiveCfg = Debug|x86
		{D9CED7B9-8E3E-4BFA-A705-4725BADA642E}.Debug|Mixed Platforms.Build.0 = Debug|x86
		{D9CED7B9-8E3E-4BFA-A705-4725BADA642E}.Debug|x86.ActiveCfg = Debug|x86
		{D9CED7B9-8E3E-4BFA-A705-4725BADA642E}.Debug|x86.Build.0 = Debug|x86
		{D9CED7B9-8E3E-4BFA-A705-4725BADA642E}.Release|Any CPU.ActiveCfg = Release|x86
		{D9CED7B9-8E3E-4BFA-A705-4725BADA642E}.Release|Mixed Platforms.ActiveCfg = Release|x86
		{D9CED7B9-8E3E-4BFA-A705-4725BADA642E}.Release|Mixed Platforms.Build.0 = Release|x86
		{D9CED7B9-8E3E-4BFA-A705-4725BADA642E}.Release|x86.ActiveCfg = Release|x86
		{D9CED7B9-8E3E-4BFA-A705-4725BADA642E}.Release|x86.Build.0 = Release|x86
	EndGlobalSection
	GlobalSection(SolutionProperties) = preSolution
		HideSolutionNode = FALSE
	EndGlobalSection
EndGlobal
